Microsoft Visual Studio Solution File, Format Version 12.00
# Visual Studio Version 18
VisualStudioVersion = 18.1.11312.151
MinimumVisualStudioVersion = 10.0.40219.1
Project("{FAE04EC0-301F-11D3-BF4B-00C04F79EFBC}") = "icsEditor", "icsEditor.csproj", "{D1245740-F523-4FD2-B356-5190B735BED2}"
EndProject
Global
	GlobalSection(SolutionConfigurationPlatforms) = preSolution
		Debug|Any CPU = Debug|Any CPU
		Release|Any CPU = Release|Any CPU
	EndGlobalSection
	GlobalSection(ProjectConfigurationPlatforms) = postSolution
		{D1245740-F523-4FD2-B356-5190B735BED2}.Debug|Any CPU.ActiveCfg = Debug|Any CPU
		{D1245740-F523-4FD2-B356-5190B735BED2}.Debug|Any CPU.Build.0 = Debug|Any CPU
		{D1245740-F523-4FD2-B356-5190B735BED2}.Release|Any CPU.ActiveCfg = Release|Any CPU
		{D1245740-F523-4FD2-B356-5190B735BED2}.Release|Any CPU.Build.0 = Release|Any CPU
	EndGlobalSection
	GlobalSection(SolutionProperties) = preSolution
		HideSolutionNode = FALSE
	EndGlobalSection
	GlobalSection(ExtensibilityGlobals) = postSolution
		SolutionGuid = {40BF92AE-9B2E-4B8C-A2E1-004B911804E8}
	EndGlobalSection
EndGlobal
